
Microsoft Visual Studio Solution File, Format Version 12.00
# Visual Studio 15
VisualStudioVersion = 15.0.27703.2026
MinimumVisualStudioVersion = 10.0.40219.1
Project("{FAE04EC0-301F-11D3-BF4B-00C04F79EFBC}") = "OperationsRepoTool", "OperationsRepoTool\OperationsRepoTool.csproj", "{ED6F2B82-0C36-46B7-9E46-A3C0336A3412}"
EndProject
Global
	GlobalSection(SolutionConfigurationPlatforms) = preSolution
		Debug|Any CPU = Debug|Any CPU
		Release|Any CPU = Release|Any CPU
	EndGlobalSection
	GlobalSection(ProjectConfigurationPlatforms) = postSolution
		{ED6F2B82-0C36-46B7-9E46-A3C0336A3412}.Debug|Any CPU.ActiveCfg = Debug|Any CPU
		{ED6F2B82-0C36-46B7-9E46-A3C0336A3412}.Debug|Any CPU.Build.0 = Debug|Any CPU
		{ED6F2B82-0C36-46B7-9E46-A3C0336A3412}.Debug|Any CPU.Deploy.0 = Debug|Any CPU
		{ED6F2B82-0C36-46B7-9E46-A3C0336A3412}.Release|Any CPU.ActiveCfg = Release|Any CPU
		{ED6F2B82-0C36-46B7-9E46-A3C0336A3412}.Release|Any CPU.Build.0 = Release|Any CPU
		{ED6F2B82-0C36-46B7-9E46-A3C0336A3412}.Release|Any CPU.Deploy.0 = Release|Any CPU
	EndGlobalSection
	GlobalSection(SolutionProperties) = preSolution
		HideSolutionNode = FALSE
	EndGlobalSection
	GlobalSection(ExtensibilityGlobals) = postSolution
		SolutionGuid = {B56B8F13-29B3-4246-AE23-48ECEA4F4EEC}
	EndGlobalSection
EndGlobal
